
Microsoft Visual Studio Solution File, Format Version 12.00
# Visual Studio Version 17
VisualStudioVersion = 17.12.35707.178 d17.12
MinimumVisualStudioVersion = 10.0.40219.1
Project("{FAE04EC0-301F-11D3-BF4B-00C04F79EFBC}") = "RoskildeDyreinternatet", "RoskildeDyreinternatet.csproj", "{C797EB86-45B5-4439-B17F-AE610515A6D9}"
EndProject
Project("{FAE04EC0-301F-11D3-BF4B-00C04F79EFBC}") = "Dyreinternatet.Domain", "..\Dyreinternatet.Domain\Dyreinternatet.Domain.csproj", "{B4650CC8-2A36-4A25-9327-29220E2B049F}"
EndProject
Project("{FAE04EC0-301F-11D3-BF4B-00C04F79EFBC}") = "Dyreinternatet.Infrastructure", "..\Dyreinternatet.Infrastructure\Dyreinternatet.Infrastructure.csproj", "{4D3A6B48-BE62-4DB5-8F0E-37012EB0C30B}"
EndProject
Global
	GlobalSection(SolutionConfigurationPlatforms) = preSolution
		Debug|Any CPU = Debug|Any CPU
		Release|Any CPU = Release|Any CPU
	EndGlobalSection
	GlobalSection(ProjectConfigurationPlatforms) = postSolution
		{C797EB86-45B5-4439-B17F-AE610515A6D9}.Debug|Any CPU.ActiveCfg = Debug|Any CPU
		{C797EB86-45B5-4439-B17F-AE610515A6D9}.Debug|Any CPU.Build.0 = Debug|Any CPU
		{C797EB86-45B5-4439-B17F-AE610515A6D9}.Release|Any CPU.ActiveCfg = Release|Any CPU
		{C797EB86-45B5-4439-B17F-AE610515A6D9}.Release|Any CPU.Build.0 = Release|Any CPU
		{B4650CC8-2A36-4A25-9327-29220E2B049F}.Debug|Any CPU.ActiveCfg = Debug|Any CPU
		{B4650CC8-2A36-4A25-9327-29220E2B049F}.Debug|Any CPU.Build.0 = Debug|Any CPU
		{B4650CC8-2A36-4A25-9327-29220E2B049F}.Release|Any CPU.ActiveCfg = Release|Any CPU
		{B4650CC8-2A36-4A25-9327-29220E2B049F}.Release|Any CPU.Build.0 = Release|Any CPU
		{4D3A6B48-BE62-4DB5-8F0E-37012EB0C30B}.Debug|Any CPU.ActiveCfg = Debug|Any CPU
		{4D3A6B48-BE62-4DB5-8F0E-37012EB0C30B}.Debug|Any CPU.Build.0 = Debug|Any CPU
		{4D3A6B48-BE62-4DB5-8F0E-37012EB0C30B}.Release|Any CPU.ActiveCfg = Release|Any CPU
		{4D3A6B48-BE62-4DB5-8F0E-37012EB0C30B}.Release|Any CPU.Build.0 = Release|Any CPU
	EndGlobalSection
	GlobalSection(SolutionProperties) = preSolution
		HideSolutionNode = FALSE
	EndGlobalSection
EndGlobal
